
Microsoft Visual Studio Solution File, Format Version 12.00
# Visual Studio Version 16
VisualStudioVersion = 16.0.29306.81
MinimumVisualStudioVersion = 10.0.40219.1
Project("{FAE04EC0-301F-11D3-BF4B-00C04F79EFBC}") = "MobileApp.Android", "MobileApp\MobileApp.Android\MobileApp.Android.csproj", "{46BDD59E-B3A3-4C2F-986B-10CC416AE763}"
EndProject
Project("{FAE04EC0-301F-11D3-BF4B-00C04F79EFBC}") = "MobileApp", "MobileApp\MobileApp\MobileApp.csproj", "{F1BD7383-46C9-4FBB-8DC7-91DAC2A218B7}"
EndProject
Global
	GlobalSection(SolutionConfigurationPlatforms) = preSolution
		Debug|Any CPU = Debug|Any CPU
		Release|Any CPU = Release|Any CPU
	EndGlobalSection
	GlobalSection(ProjectConfigurationPlatforms) = postSolution
		{46BDD59E-B3A3-4C2F-986B-10CC416AE763}.Debug|Any CPU.ActiveCfg = Debug|Any CPU
		{46BDD59E-B3A3-4C2F-986B-10CC416AE763}.Debug|Any CPU.Build.0 = Debug|Any CPU
		{46BDD59E-B3A3-4C2F-986B-10CC416AE763}.Debug|Any CPU.Deploy.0 = Debug|Any CPU
		{46BDD59E-B3A3-4C2F-986B-10CC416AE763}.Release|Any CPU.ActiveCfg = Release|Any CPU
		{46BDD59E-B3A3-4C2F-986B-10CC416AE763}.Release|Any CPU.Build.0 = Release|Any CPU
		{46BDD59E-B3A3-4C2F-986B-10CC416AE763}.Release|Any CPU.Deploy.0 = Release|Any CPU
		{F1BD7383-46C9-4FBB-8DC7-91DAC2A218B7}.Debug|Any CPU.ActiveCfg = Debug|Any CPU
		{F1BD7383-46C9-4FBB-8DC7-91DAC2A218B7}.Debug|Any CPU.Build.0 = Debug|Any CPU
		{F1BD7383-46C9-4FBB-8DC7-91DAC2A218B7}.Debug|Any CPU.Deploy.0 = Debug|Any CPU
		{F1BD7383-46C9-4FBB-8DC7-91DAC2A218B7}.Release|Any CPU.ActiveCfg = Release|Any CPU
		{F1BD7383-46C9-4FBB-8DC7-91DAC2A218B7}.Release|Any CPU.Build.0 = Release|Any CPU
		{F1BD7383-46C9-4FBB-8DC7-91DAC2A218B7}.Release|Any CPU.Deploy.0 = Release|Any CPU
	EndGlobalSection
	GlobalSection(SolutionProperties) = preSolution
		HideSolutionNode = FALSE
	EndGlobalSection
	GlobalSection(ExtensibilityGlobals) = postSolution
		SolutionGuid = {DC86D313-D32C-40AE-B46B-D94971EDADB4}
	EndGlobalSection
EndGlobal
